
Microsoft Visual Studio Solution File, Format Version 12.00
# Visual Studio Version 17
VisualStudioVersion = 17.7.34031.279
MinimumVisualStudioVersion = 10.0.40219.1
Project("{9A19103F-16F7-4668-BE54-9A1E7A4F7556}") = "ERParamEditor", "ERParamEditor\ERParamEditor.csproj", "{DB337BB8-B75D-4ED9-8A5E-6E1E5D853E0F}"
EndProject
Project("{9A19103F-16F7-4668-BE54-9A1E7A4F7556}") = "ERParamUtils", "ERParamUtils\ERParamUtils.csproj", "{09B58752-C00F-49C4-B75C-FBC8A4A7C089}"
EndProject
Project("{9A19103F-16F7-4668-BE54-9A1E7A4F7556}") = "SoulsFormats", "SoulsFormats\SoulsFormats.csproj", "{5EC4C378-1D39-4872-9246-1AFEBC590963}"
EndProject
Project("{9A19103F-16F7-4668-BE54-9A1E7A4F7556}") = "VdfFile", "VdfFile\VdfFile.csproj", "{A2C8C25E-5CDE-4A16-A6CA-E191B51DB33B}"
EndProject
Project("{2150E333-8FDC-42A3-9474-1A3956D46DE8}") = "Solution Items", "Solution Items", "{D1E0A6C7-D73D-4A5F-8078-161C139CA60C}"
	ProjectSection(SolutionItems) = preProject
		.editorconfig = .editorconfig
	EndProjectSection
EndProject
Project("{9A19103F-16F7-4668-BE54-9A1E7A4F7556}") = "ERBackup", "ERBackup\ERBackup.csproj", "{57E410B9-C5AB-40FC-B855-59C9D0147E8F}"
EndProject
Project("{FAE04EC0-301F-11D3-BF4B-00C04F79EFBC}") = "MultiLangLib", "MultiLangLib\MultiLangLib.csproj", "{6813DC14-8B9E-429B-9D6C-53A2DFECCA81}"
EndProject
Global
	GlobalSection(SolutionConfigurationPlatforms) = preSolution
		Debug|Any CPU = Debug|Any CPU
		Debug|x64 = Debug|x64
		Debug|x86 = Debug|x86
		Release|Any CPU = Release|Any CPU
		Release|x64 = Release|x64
		Release|x86 = Release|x86
	EndGlobalSection
	GlobalSection(ProjectConfigurationPlatforms) = postSolution
		{DB337BB8-B75D-4ED9-8A5E-6E1E5D853E0F}.Debug|Any CPU.ActiveCfg = Debug|Any CPU
		{DB337BB8-B75D-4ED9-8A5E-6E1E5D853E0F}.Debug|Any CPU.Build.0 = Debug|Any CPU
		{DB337BB8-B75D-4ED9-8A5E-6E1E5D853E0F}.Debug|x64.ActiveCfg = Debug|Any CPU
		{DB337BB8-B75D-4ED9-8A5E-6E1E5D853E0F}.Debug|x64.Build.0 = Debug|Any CPU
		{DB337BB8-B75D-4ED9-8A5E-6E1E5D853E0F}.Debug|x86.ActiveCfg = Debug|Any CPU
		{DB337BB8-B75D-4ED9-8A5E-6E1E5D853E0F}.Debug|x86.Build.0 = Debug|Any CPU
		{DB337BB8-B75D-4ED9-8A5E-6E1E5D853E0F}.Release|Any CPU.ActiveCfg = Release|Any CPU
		{DB337BB8-B75D-4ED9-8A5E-6E1E5D853E0F}.Release|Any CPU.Build.0 = Release|Any CPU
		{DB337BB8-B75D-4ED9-8A5E-6E1E5D853E0F}.Release|x64.ActiveCfg = Release|Any CPU
		{DB337BB8-B75D-4ED9-8A5E-6E1E5D853E0F}.Release|x64.Build.0 = Release|Any CPU
		{DB337BB8-B75D-4ED9-8A5E-6E1E5D853E0F}.Release|x86.ActiveCfg = Release|Any CPU
		{DB337BB8-B75D-4ED9-8A5E-6E1E5D853E0F}.Release|x86.Build.0 = Release|Any CPU
		{09B58752-C00F-49C4-B75C-FBC8A4A7C089}.Debug|Any CPU.ActiveCfg = Debug|Any CPU
		{09B58752-C00F-49C4-B75C-FBC8A4A7C089}.Debug|Any CPU.Build.0 = Debug|Any CPU
		{09B58752-C00F-49C4-B75C-FBC8A4A7C089}.Debug|x64.ActiveCfg = Debug|Any CPU
		{09B58752-C00F-49C4-B75C-FBC8A4A7C089}.Debug|x64.Build.0 = Debug|Any CPU
		{09B58752-C00F-49C4-B75C-FBC8A4A7C089}.Debug|x86.ActiveCfg = Debug|Any CPU
		{09B58752-C00F-49C4-B75C-FBC8A4A7C089}.Debug|x86.Build.0 = Debug|Any CPU
		{09B58752-C00F-49C4-B75C-FBC8A4A7C089}.Release|Any CPU.ActiveCfg = Release|Any CPU
		{09B58752-C00F-49C4-B75C-FBC8A4A7C089}.Release|Any CPU.Build.0 = Release|Any CPU
		{09B58752-C00F-49C4-B75C-FBC8A4A7C089}.Release|x64.ActiveCfg = Release|Any CPU
		{09B58752-C00F-49C4-B75C-FBC8A4A7C089}.Release|x64.Build.0 = Release|Any CPU
		{09B58752-C00F-49C4-B75C-FBC8A4A7C089}.Release|x86.ActiveCfg = Release|Any CPU
		{09B58752-C00F-49C4-B75C-FBC8A4A7C089}.Release|x86.Build.0 = Release|Any CPU
		{5EC4C378-1D39-4872-9246-1AFEBC590963}.Debug|Any CPU.ActiveCfg = Debug|Any CPU
		{5EC4C378-1D39-4872-9246-1AFEBC590963}.Debug|Any CPU.Build.0 = Debug|Any CPU
		{5EC4C378-1D39-4872-9246-1AFEBC590963}.Debug|x64.ActiveCfg = Debug|Any CPU
		{5EC4C378-1D39-4872-9246-1AFEBC590963}.Debug|x64.Build.0 = Debug|Any CPU
		{5EC4C378-1D39-4872-9246-1AFEBC590963}.Debug|x86.ActiveCfg = Debug|Any CPU
		{5EC4C378-1D39-4872-9246-1AFEBC590963}.Debug|x86.Build.0 = Debug|Any CPU
		{5EC4C378-1D39-4872-9246-1AFEBC590963}.Release|Any CPU.ActiveCfg = Release|Any CPU
		{5EC4C378-1D39-4872-9246-1AFEBC590963}.Release|Any CPU.Build.0 = Release|Any CPU
		{5EC4C378-1D39-4872-9246-1AFEBC590963}.Release|x64.ActiveCfg = Release|Any CPU
		{5EC4C378-1D39-4872-9246-1AFEBC590963}.Release|x64.Build.0 = Release|Any CPU
		{5EC4C378-1D39-4872-9246-1AFEBC590963}.Release|x86.ActiveCfg = Release|Any CPU
		{5EC4C378-1D39-4872-9246-1AFEBC590963}.Release|x86.Build.0 = Release|Any CPU
		{A2C8C25E-5CDE-4A16-A6CA-E191B51DB33B}.Debug|Any CPU.ActiveCfg = Debug|Any CPU
		{A2C8C25E-5CDE-4A16-A6CA-E191B51DB33B}.Debug|Any CPU.Build.0 = Debug|Any CPU
		{A2C8C25E-5CDE-4A16-A6CA-E191B51DB33B}.Debug|x64.ActiveCfg = Debug|Any CPU
		{A2C8C25E-5CDE-4A16-A6CA-E191B51DB33B}.Debug|x64.Build.0 = Debug|Any CPU
		{A2C8C25E-5CDE-4A16-A6CA-E191B51DB33B}.Debug|x86.ActiveCfg = Debug|Any CPU
		{A2C8C25E-5CDE-4A16-A6CA-E191B51DB33B}.Debug|x86.Build.0 = Debug|Any CPU
		{A2C8C25E-5CDE-4A16-A6CA-E191B51DB33B}.Release|Any CPU.ActiveCfg = Release|Any CPU
		{A2C8C25E-5CDE-4A16-A6CA-E191B51DB33B}.Release|Any CPU.Build.0 = Release|Any CPU
		{A2C8C25E-5CDE-4A16-A6CA-E191B51DB33B}.Release|x64.ActiveCfg = Release|Any CPU
		{A2C8C25E-5CDE-4A16-A6CA-E191B51DB33B}.Release|x64.Build.0 = Release|Any CPU
		{A2C8C25E-5CDE-4A16-A6CA-E191B51DB33B}.Release|x86.ActiveCfg = Release|Any CPU
		{A2C8C25E-5CDE-4A16-A6CA-E191B51DB33B}.Release|x86.Build.0 = Release|Any CPU
		{57E410B9-C5AB-40FC-B855-59C9D0147E8F}.Debug|Any CPU.ActiveCfg = Debug|Any CPU
		{57E410B9-C5AB-40FC-B855-59C9D0147E8F}.Debug|Any CPU.Build.0 = Debug|Any CPU
		{57E410B9-C5AB-40FC-B855-59C9D0147E8F}.Debug|x64.ActiveCfg = Debug|Any CPU
		{57E410B9-C5AB-40FC-B855-59C9D0147E8F}.Debug|x64.Build.0 = Debug|Any CPU
		{57E410B9-C5AB-40FC-B855-59C9D0147E8F}.Debug|x86.ActiveCfg = Debug|Any CPU
		{57E410B9-C5AB-40FC-B855-59C9D0147E8F}.Debug|x86.Build.0 = Debug|Any CPU
		{57E410B9-C5AB-40FC-B855-59C9D0147E8F}.Release|Any CPU.ActiveCfg = Release|Any CPU
		{57E410B9-C5AB-40FC-B855-59C9D0147E8F}.Release|Any CPU.Build.0 = Release|Any CPU
		{57E410B9-C5AB-40FC-B855-59C9D0147E8F}.Release|x64.ActiveCfg = Release|Any CPU
		{57E410B9-C5AB-40FC-B855-59C9D0147E8F}.Release|x64.Build.0 = Release|Any CPU
		{57E410B9-C5AB-40FC-B855-59C9D0147E8F}.Release|x86.ActiveCfg = Release|Any CPU
		{57E410B9-C5AB-40FC-B855-59C9D0147E8F}.Release|x86.Build.0 = Release|Any CPU
		{6813DC14-8B9E-429B-9D6C-53A2DFECCA81}.Debug|Any CPU.ActiveCfg = Debug|Any CPU
		{6813DC14-8B9E-429B-9D6C-53A2DFECCA81}.Debug|Any CPU.Build.0 = Debug|Any CPU
		{6813DC14-8B9E-429B-9D6C-53A2DFECCA81}.Debug|x64.ActiveCfg = Debug|Any CPU
		{6813DC14-8B9E-429B-9D6C-53A2DFECCA81}.Debug|x64.Build.0 = Debug|Any CPU
		{6813DC14-8B9E-429B-9D6C-53A2DFECCA81}.Debug|x86.ActiveCfg = Debug|Any CPU
		{6813DC14-8B9E-429B-9D6C-53A2DFECCA81}.Debug|x86.Build.0 = Debug|Any CPU
		{6813DC14-8B9E-429B-9D6C-53A2DFECCA81}.Release|Any CPU.ActiveCfg = Release|Any CPU
		{6813DC14-8B9E-429B-9D6C-53A2DFECCA81}.Release|Any CPU.Build.0 = Release|Any CPU
		{6813DC14-8B9E-429B-9D6C-53A2DFECCA81}.Release|x64.ActiveCfg = Release|Any CPU
		{6813DC14-8B9E-429B-9D6C-53A2DFECCA81}.Release|x64.Build.0 = Release|Any CPU
		{6813DC14-8B9E-429B-9D6C-53A2DFECCA81}.Release|x86.ActiveCfg = Release|Any CPU
		{6813DC14-8B9E-429B-9D6C-53A2DFECCA81}.Release|x86.Build.0 = Release|Any CPU
	EndGlobalSection
	GlobalSection(SolutionProperties) = preSolution
		HideSolutionNode = FALSE
	EndGlobalSection
	GlobalSection(ExtensibilityGlobals) = postSolution
		SolutionGuid = {AC447A43-8B30-494F-8140-6CC3D5E7AFB6}
	EndGlobalSection
EndGlobal
